
Microsoft Visual Studio Solution File, Format Version 12.00
# Visual Studio Version 17
VisualStudioVersion = 17.3.32922.545
MinimumVisualStudioVersion = 10.0.40219.1
Project("{9A19103F-16F7-4668-BE54-9A1E7A4F7556}") = "RazorPagesMovie", "RazorPagesMovie\RazorPagesMovie.csproj", "{1EF180F0-B1C3-4F6A-A69D-BE797A5A8818}"
EndProject
Global
	GlobalSection(SolutionConfigurationPlatforms) = preSolution
		Debug|Any CPU = Debug|Any CPU
		Release|Any CPU = Release|Any CPU
	EndGlobalSection
	GlobalSection(ProjectConfigurationPlatforms) = postSolution
		{1EF180F0-B1C3-4F6A-A69D-BE797A5A8818}.Debug|Any CPU.ActiveCfg = Debug|Any CPU
		{1EF180F0-B1C3-4F6A-A69D-BE797A5A8818}.Debug|Any CPU.Build.0 = Debug|Any CPU
		{1EF180F0-B1C3-4F6A-A69D-BE797A5A8818}.Release|Any CPU.ActiveCfg = Release|Any CPU
		{1EF180F0-B1C3-4F6A-A69D-BE797A5A8818}.Release|Any CPU.Build.0 = Release|Any CPU
	EndGlobalSection
	GlobalSection(SolutionProperties) = preSolution
		HideSolutionNode = FALSE
	EndGlobalSection
	GlobalSection(ExtensibilityGlobals) = postSolution
		SolutionGuid = {F2D3F28C-3E9D-4E28-8DA7-53F6969DD8B2}
	EndGlobalSection
EndGlobal
